
Microsoft Visual Studio Solution File, Format Version 12.00
# Visual Studio 15
VisualStudioVersion = 15.0.28307.438
MinimumVisualStudioVersion = 10.0.40219.1
Project("{FAE04EC0-301F-11D3-BF4B-00C04F79EFBC}") = "WebAPI-downstream", "WebAPI-downstream\WebAPI-downstream.csproj", "{0BA8DF4C-5111-4521-A1D4-E91C245477F8}"
EndProject
Project("{FAE04EC0-301F-11D3-BF4B-00C04F79EFBC}") = "WebUI", "WebUI\WebUI.csproj", "{69481A55-0A3D-430E-B00C-104D86A3205B}"
EndProject
Global
	GlobalSection(SolutionConfigurationPlatforms) = preSolution
		Debug|Any CPU = Debug|Any CPU
		Release|Any CPU = Release|Any CPU
	EndGlobalSection
	GlobalSection(ProjectConfigurationPlatforms) = postSolution
		{0BA8DF4C-5111-4521-A1D4-E91C245477F8}.Debug|Any CPU.ActiveCfg = Debug|Any CPU
		{0BA8DF4C-5111-4521-A1D4-E91C245477F8}.Debug|Any CPU.Build.0 = Debug|Any CPU
		{0BA8DF4C-5111-4521-A1D4-E91C245477F8}.Release|Any CPU.ActiveCfg = Release|Any CPU
		{0BA8DF4C-5111-4521-A1D4-E91C245477F8}.Release|Any CPU.Build.0 = Release|Any CPU
		{69481A55-0A3D-430E-B00C-104D86A3205B}.Debug|Any CPU.ActiveCfg = Debug|Any CPU
		{69481A55-0A3D-430E-B00C-104D86A3205B}.Debug|Any CPU.Build.0 = Debug|Any CPU
		{69481A55-0A3D-430E-B00C-104D86A3205B}.Release|Any CPU.ActiveCfg = Release|Any CPU
		{69481A55-0A3D-430E-B00C-104D86A3205B}.Release|Any CPU.Build.0 = Release|Any CPU
	EndGlobalSection
	GlobalSection(SolutionProperties) = preSolution
		HideSolutionNode = FALSE
	EndGlobalSection
	GlobalSection(ExtensibilityGlobals) = postSolution
		SolutionGuid = {09AD86D3-C296-43ED-AC12-B1B794EBE4EE}
	EndGlobalSection
EndGlobal
